
Microsoft Visual Studio Solution File, Format Version 12.00
# Visual Studio Version 17
VisualStudioVersion = 17.10.35122.118
MinimumVisualStudioVersion = 10.0.40219.1
Project("{9A19103F-16F7-4668-BE54-9A1E7A4F7556}") = "MoreInjuries", "MoreInjuries\MoreInjuries.csproj", "{8622DCBB-DFFD-48C9-B932-27565A9CE926}"
EndProject
Project("{2150E333-8FDC-42A3-9474-1A3956D46DE8}") = "Solution Items", "Solution Items", "{5CDA0DA5-6F4F-48F6-B937-CF7CB34D068C}"
	ProjectSection(SolutionItems) = preProject
		.editorconfig = .editorconfig
		Directory.Build.props = Directory.Build.props
	EndProjectSection
EndProject
Project("{FAE04EC0-301F-11D3-BF4B-00C04F79EFBC}") = "MoreInjuries.Roslyn.SourceGen", "MoreInjuries.Roslyn.SourceGen\MoreInjuries.Roslyn.SourceGen.csproj", "{D7821F37-9F26-4D28-BCF3-4004E1A4AC63}"
EndProject
Project("{FAE04EC0-301F-11D3-BF4B-00C04F79EFBC}") = "MoreInjuries.LocalizationTests", "MoreInjuries.LocalizationTests\MoreInjuries.LocalizationTests.csproj", "{F4C8C700-F28E-4C51-AB6E-28326EA1C0E2}"
EndProject
Project("{FAE04EC0-301F-11D3-BF4B-00C04F79EFBC}") = "MoreInjuries.Tests", "MoreInjuries.Tests\MoreInjuries.Tests.csproj", "{BE4FE1C4-DC16-4A74-A819-241A99FAE4D8}"
EndProject
Project("{FAE04EC0-301F-11D3-BF4B-00C04F79EFBC}") = "MoreInjuries.WikiGen", "MoreInjuries.WikiGen\MoreInjuries.WikiGen.csproj", "{72E8E49E-DD4F-4EE1-A604-624CD22671EE}"
EndProject
Global
	GlobalSection(SolutionConfigurationPlatforms) = preSolution
		Debug|Any CPU = Debug|Any CPU
		Release|Any CPU = Release|Any CPU
		Test|Any CPU = Test|Any CPU
	EndGlobalSection
	GlobalSection(ProjectConfigurationPlatforms) = postSolution
		{8622DCBB-DFFD-48C9-B932-27565A9CE926}.Debug|Any CPU.ActiveCfg = Debug|Any CPU
		{8622DCBB-DFFD-48C9-B932-27565A9CE926}.Debug|Any CPU.Build.0 = Debug|Any CPU
		{8622DCBB-DFFD-48C9-B932-27565A9CE926}.Release|Any CPU.ActiveCfg = Release|Any CPU
		{8622DCBB-DFFD-48C9-B932-27565A9CE926}.Release|Any CPU.Build.0 = Release|Any CPU
		{8622DCBB-DFFD-48C9-B932-27565A9CE926}.Test|Any CPU.ActiveCfg = Test|Any CPU
		{8622DCBB-DFFD-48C9-B932-27565A9CE926}.Test|Any CPU.Build.0 = Test|Any CPU
		{D7821F37-9F26-4D28-BCF3-4004E1A4AC63}.Debug|Any CPU.ActiveCfg = Debug|Any CPU
		{D7821F37-9F26-4D28-BCF3-4004E1A4AC63}.Debug|Any CPU.Build.0 = Debug|Any CPU
		{D7821F37-9F26-4D28-BCF3-4004E1A4AC63}.Release|Any CPU.ActiveCfg = Release|Any CPU
		{D7821F37-9F26-4D28-BCF3-4004E1A4AC63}.Release|Any CPU.Build.0 = Release|Any CPU
		{D7821F37-9F26-4D28-BCF3-4004E1A4AC63}.Test|Any CPU.ActiveCfg = Debug|Any CPU
		{D7821F37-9F26-4D28-BCF3-4004E1A4AC63}.Test|Any CPU.Build.0 = Debug|Any CPU
		{F4C8C700-F28E-4C51-AB6E-28326EA1C0E2}.Debug|Any CPU.ActiveCfg = Debug|Any CPU
		{F4C8C700-F28E-4C51-AB6E-28326EA1C0E2}.Debug|Any CPU.Build.0 = Debug|Any CPU
		{F4C8C700-F28E-4C51-AB6E-28326EA1C0E2}.Release|Any CPU.ActiveCfg = Release|Any CPU
		{F4C8C700-F28E-4C51-AB6E-28326EA1C0E2}.Release|Any CPU.Build.0 = Release|Any CPU
		{F4C8C700-F28E-4C51-AB6E-28326EA1C0E2}.Test|Any CPU.ActiveCfg = Debug|Any CPU
		{F4C8C700-F28E-4C51-AB6E-28326EA1C0E2}.Test|Any CPU.Build.0 = Debug|Any CPU
		{BE4FE1C4-DC16-4A74-A819-241A99FAE4D8}.Debug|Any CPU.ActiveCfg = Debug|Any CPU
		{BE4FE1C4-DC16-4A74-A819-241A99FAE4D8}.Debug|Any CPU.Build.0 = Debug|Any CPU
		{BE4FE1C4-DC16-4A74-A819-241A99FAE4D8}.Release|Any CPU.ActiveCfg = Release|Any CPU
		{BE4FE1C4-DC16-4A74-A819-241A99FAE4D8}.Release|Any CPU.Build.0 = Release|Any CPU
		{BE4FE1C4-DC16-4A74-A819-241A99FAE4D8}.Test|Any CPU.ActiveCfg = Test|Any CPU
		{BE4FE1C4-DC16-4A74-A819-241A99FAE4D8}.Test|Any CPU.Build.0 = Test|Any CPU
		{72E8E49E-DD4F-4EE1-A604-624CD22671EE}.Debug|Any CPU.ActiveCfg = Debug|Any CPU
		{72E8E49E-DD4F-4EE1-A604-624CD22671EE}.Debug|Any CPU.Build.0 = Debug|Any CPU
		{72E8E49E-DD4F-4EE1-A604-624CD22671EE}.Release|Any CPU.ActiveCfg = Release|Any CPU
		{72E8E49E-DD4F-4EE1-A604-624CD22671EE}.Release|Any CPU.Build.0 = Release|Any CPU
		{72E8E49E-DD4F-4EE1-A604-624CD22671EE}.Test|Any CPU.ActiveCfg = Debug|Any CPU
		{72E8E49E-DD4F-4EE1-A604-624CD22671EE}.Test|Any CPU.Build.0 = Debug|Any CPU
	EndGlobalSection
	GlobalSection(SolutionProperties) = preSolution
		HideSolutionNode = FALSE
	EndGlobalSection
	GlobalSection(ExtensibilityGlobals) = postSolution
		SolutionGuid = {5489D79D-2A9E-452C-92B7-01523061581A}
	EndGlobalSection
EndGlobal
